
Microsoft Visual Studio Solution File, Format Version 12.00
# Visual Studio 15
VisualStudioVersion = 15.0.28010.2050
MinimumVisualStudioVersion = 10.0.40219.1
Project("{FAE04EC0-301F-11D3-BF4B-00C04F79EFBC}") = "Shieldy", "Shieldy.csproj", "{946A6AD1-226B-4090-850A-0EDDB4B96334}"
EndProject
Global
	GlobalSection(SolutionConfigurationPlatforms) = preSolution
		Debug|Any CPU = Debug|Any CPU
		Release|Any CPU = Release|Any CPU
	EndGlobalSection
	GlobalSection(ProjectConfigurationPlatforms) = postSolution
		{946A6AD1-226B-4090-850A-0EDDB4B96334}.Debug|Any CPU.ActiveCfg = Debug|Any CPU
		{946A6AD1-226B-4090-850A-0EDDB4B96334}.Debug|Any CPU.Build.0 = Debug|Any CPU
		{946A6AD1-226B-4090-850A-0EDDB4B96334}.Release|Any CPU.ActiveCfg = Release|Any CPU
		{946A6AD1-226B-4090-850A-0EDDB4B96334}.Release|Any CPU.Build.0 = Release|Any CPU
	EndGlobalSection
	GlobalSection(SolutionProperties) = preSolution
		HideSolutionNode = FALSE
	EndGlobalSection
	GlobalSection(ExtensibilityGlobals) = postSolution
		SolutionGuid = {DEDBBCF2-8635-4A33-B5A8-D1D737AE62DC}
	EndGlobalSection
EndGlobal
